schema: '2.0'
stages:
  data_ingestion:
    cmd: python src/classification/pipeline/Stage01_Data_Ingestion.py
    deps:
    - path: config/config.yaml
      hash: md5
      md5: 83ea31450befcb13c9096bd5901fde81
      size: 774
    - path: src/classification/pipeline/Stage01_Data_Ingestion.py
      hash: md5
      md5: 9e1f04e6720e682e45eda64ea58d42cb
      size: 901
    outs:
    - path: artifacts/data_ingestion/Data
      hash: md5
      md5: 3ddc2c0e262e947578d73eeec3119af6.dir
      size: 124956798
      nfiles: 1000
  prepare_base_model:
    cmd: python src/classification/pipeline/stage02_Preparation_baseModel.py
    deps:
    - path: config/config.yaml
      hash: md5
      md5: 83ea31450befcb13c9096bd5901fde81
      size: 774
    - path: src/classification/pipeline/stage02_Preparation_baseModel.py
      hash: md5
      md5: 24d826f05c21dc4c7c2a9f8b23a5cd6b
      size: 995
    params:
      params.yaml:
        CLASSES: 4
        IMAGE_SIZE:
        - 224
        - 224
        - 3
        INCLUDE_TOP: false
        LEARNING_RATE: 0.01
        WEIGHTS: imagenet
    outs:
    - path: artifacts/prepare_base_model
      hash: md5
      md5: f73d89d4899fcc125eb69717fad8390c.dir
      size: 118255264
      nfiles: 2
  training:
    cmd: python src/classification/pipeline/stage03_Training.py
    deps:
    - path: artifacts/data_ingestion/Data
      hash: md5
      md5: 3ddc2c0e262e947578d73eeec3119af6.dir
      size: 124956798
      nfiles: 1000
    - path: artifacts/prepare_base_model
      hash: md5
      md5: f73d89d4899fcc125eb69717fad8390c.dir
      size: 118255264
      nfiles: 2
    - path: config/config.yaml
      hash: md5
      md5: 83ea31450befcb13c9096bd5901fde81
      size: 774
    - path: src/classification/pipeline/stage03_Training.py
      hash: md5
      md5: 58c80314947d753a109d511df9ce9a44
      size: 994
    params:
      params.yaml:
        AUGMENTATION: false
        BATCH_SIZE: 16
        EPOCHS: 1
        IMAGE_SIZE:
        - 224
        - 224
        - 3
    outs:
    - path: artifacts/training/model.h5
      hash: md5
      md5: 6359c70d576645c7d690340d3627027a
      size: 59738928
  evaluation:
    cmd: python  src/classification/pipeline/Stage04_Model_Evaluation.py
    deps:
    - path: artifacts/data_ingestion/Data
      hash: md5
      md5: 3ddc2c0e262e947578d73eeec3119af6.dir
      size: 124956798
      nfiles: 1000
    - path: artifacts/training/model.h5
      hash: md5
      md5: 6359c70d576645c7d690340d3627027a
      size: 59738928
    - path: config/config.yaml
      hash: md5
      md5: 83ea31450befcb13c9096bd5901fde81
      size: 774
    - path: src/classification/pipeline/Stage04_Model_Evaluation.py
      hash: md5
      md5: 690764fa1cb0370582eda55e0aeaca2b
      size: 1070
    params:
      params.yaml:
        BATCH_SIZE: 16
        IMAGE_SIZE:
        - 224
        - 224
        - 3
    outs:
    - path: scores.json
      hash: md5
      md5: a7380d9f674da0d326f76b2a42858553
      size: 71
